
Microsoft Visual Studio Solution File, Format Version 12.00
# Visual Studio Version 17
VisualStudioVersion = 17.6.33927.249
MinimumVisualStudioVersion = 10.0.40219.1
Project("{9A19103F-16F7-4668-BE54-9A1E7A4F7556}") = "Blazor_firstPage.Server", "Blazor_firstPage\Server\Blazor_firstPage.Server.csproj", "{F307F4D3-EB6F-47CB-9109-4DE89B11651A}"
EndProject
Project("{9A19103F-16F7-4668-BE54-9A1E7A4F7556}") = "Blazor_firstPage.Client", "Blazor_firstPage\Client\Blazor_firstPage.Client.csproj", "{6EF4ACF4-5487-4FF5-9CB4-6F55D4B7C6CF}"
EndProject
Project("{9A19103F-16F7-4668-BE54-9A1E7A4F7556}") = "Blazor_firstPage.Shared", "Blazor_firstPage\Shared\Blazor_firstPage.Shared.csproj", "{289FEB2C-8258-43B8-9006-A31112845070}"
EndProject
Global
	GlobalSection(SolutionConfigurationPlatforms) = preSolution
		Debug|Any CPU = Debug|Any CPU
		Release|Any CPU = Release|Any CPU
	EndGlobalSection
	GlobalSection(ProjectConfigurationPlatforms) = postSolution
		{F307F4D3-EB6F-47CB-9109-4DE89B11651A}.Debug|Any CPU.ActiveCfg = Debug|Any CPU
		{F307F4D3-EB6F-47CB-9109-4DE89B11651A}.Debug|Any CPU.Build.0 = Debug|Any CPU
		{F307F4D3-EB6F-47CB-9109-4DE89B11651A}.Release|Any CPU.ActiveCfg = Release|Any CPU
		{F307F4D3-EB6F-47CB-9109-4DE89B11651A}.Release|Any CPU.Build.0 = Release|Any CPU
		{6EF4ACF4-5487-4FF5-9CB4-6F55D4B7C6CF}.Debug|Any CPU.ActiveCfg = Debug|Any CPU
		{6EF4ACF4-5487-4FF5-9CB4-6F55D4B7C6CF}.Debug|Any CPU.Build.0 = Debug|Any CPU
		{6EF4ACF4-5487-4FF5-9CB4-6F55D4B7C6CF}.Release|Any CPU.ActiveCfg = Release|Any CPU
		{6EF4ACF4-5487-4FF5-9CB4-6F55D4B7C6CF}.Release|Any CPU.Build.0 = Release|Any CPU
		{289FEB2C-8258-43B8-9006-A31112845070}.Debug|Any CPU.ActiveCfg = Debug|Any CPU
		{289FEB2C-8258-43B8-9006-A31112845070}.Debug|Any CPU.Build.0 = Debug|Any CPU
		{289FEB2C-8258-43B8-9006-A31112845070}.Release|Any CPU.ActiveCfg = Release|Any CPU
		{289FEB2C-8258-43B8-9006-A31112845070}.Release|Any CPU.Build.0 = Release|Any CPU
	EndGlobalSection
	GlobalSection(SolutionProperties) = preSolution
		HideSolutionNode = FALSE
	EndGlobalSection
	GlobalSection(ExtensibilityGlobals) = postSolution
		SolutionGuid = {41D1CAC3-BDCB-4AB1-81B4-CCB0B26497FF}
	EndGlobalSection
EndGlobal
